
Microsoft Visual Studio Solution File, Format Version 12.00
# Visual Studio Version 17
VisualStudioVersion = 17.6.33723.286
MinimumVisualStudioVersion = 10.0.40219.1
Project("{FAE04EC0-301F-11D3-BF4B-00C04F79EFBC}") = "NetCoreCRUDTestv2", "NetCoreCRUDTestv2\NetCoreCRUDTestv2.csproj", "{37FA365F-C20A-4DAC-B47D-16DA77E9AC0A}"
EndProject
Global
	GlobalSection(SolutionConfigurationPlatforms) = preSolution
		Debug|Any CPU = Debug|Any CPU
		Release|Any CPU = Release|Any CPU
	EndGlobalSection
	GlobalSection(ProjectConfigurationPlatforms) = postSolution
		{37FA365F-C20A-4DAC-B47D-16DA77E9AC0A}.Debug|Any CPU.ActiveCfg = Debug|Any CPU
		{37FA365F-C20A-4DAC-B47D-16DA77E9AC0A}.Debug|Any CPU.Build.0 = Debug|Any CPU
		{37FA365F-C20A-4DAC-B47D-16DA77E9AC0A}.Release|Any CPU.ActiveCfg = Release|Any CPU
		{37FA365F-C20A-4DAC-B47D-16DA77E9AC0A}.Release|Any CPU.Build.0 = Release|Any CPU
	EndGlobalSection
	GlobalSection(SolutionProperties) = preSolution
		HideSolutionNode = FALSE
	EndGlobalSection
	GlobalSection(ExtensibilityGlobals) = postSolution
		SolutionGuid = {32A0C99D-ABAE-4B1D-911B-41A6BAFDB24B}
	EndGlobalSection
EndGlobal
